
Microsoft Visual Studio Solution File, Format Version 12.00
# Visual Studio Version 16
VisualStudioVersion = 16.0.31321.278
MinimumVisualStudioVersion = 10.0.40219.1
Project("{FAE04EC0-301F-11D3-BF4B-00C04F79EFBC}") = "SocketAPI", "SocketAPI\SocketAPI.csproj", "{4A7D9401-3357-4222-8ED1-6F88ABD759B0}"
EndProject
Project("{FAE04EC0-301F-11D3-BF4B-00C04F79EFBC}") = "SocketConsole", "SocketConsole\SocketConsole.csproj", "{A31EC4E3-A875-4148-8CDB-58190213B7B2}"
EndProject
Project("{FAE04EC0-301F-11D3-BF4B-00C04F79EFBC}") = "SocketConsole2", "SocketConsole2\SocketConsole2.csproj", "{C64225CF-5E48-4969-BF8B-246D232A51BA}"
EndProject
Global
	GlobalSection(SolutionConfigurationPlatforms) = preSolution
		Debug|Any CPU = Debug|Any CPU
		Release|Any CPU = Release|Any CPU
	EndGlobalSection
	GlobalSection(ProjectConfigurationPlatforms) = postSolution
		{4A7D9401-3357-4222-8ED1-6F88ABD759B0}.Debug|Any CPU.ActiveCfg = Debug|Any CPU
		{4A7D9401-3357-4222-8ED1-6F88ABD759B0}.Debug|Any CPU.Build.0 = Debug|Any CPU
		{4A7D9401-3357-4222-8ED1-6F88ABD759B0}.Release|Any CPU.ActiveCfg = Release|Any CPU
		{4A7D9401-3357-4222-8ED1-6F88ABD759B0}.Release|Any CPU.Build.0 = Release|Any CPU
		{A31EC4E3-A875-4148-8CDB-58190213B7B2}.Debug|Any CPU.ActiveCfg = Debug|Any CPU
		{A31EC4E3-A875-4148-8CDB-58190213B7B2}.Debug|Any CPU.Build.0 = Debug|Any CPU
		{A31EC4E3-A875-4148-8CDB-58190213B7B2}.Release|Any CPU.ActiveCfg = Release|Any CPU
		{A31EC4E3-A875-4148-8CDB-58190213B7B2}.Release|Any CPU.Build.0 = Release|Any CPU
		{C64225CF-5E48-4969-BF8B-246D232A51BA}.Debug|Any CPU.ActiveCfg = Debug|Any CPU
		{C64225CF-5E48-4969-BF8B-246D232A51BA}.Debug|Any CPU.Build.0 = Debug|Any CPU
		{C64225CF-5E48-4969-BF8B-246D232A51BA}.Release|Any CPU.ActiveCfg = Release|Any CPU
		{C64225CF-5E48-4969-BF8B-246D232A51BA}.Release|Any CPU.Build.0 = Release|Any CPU
	EndGlobalSection
	GlobalSection(SolutionProperties) = preSolution
		HideSolutionNode = FALSE
	EndGlobalSection
	GlobalSection(ExtensibilityGlobals) = postSolution
		SolutionGuid = {E9B66158-A92A-4E25-A5AD-30CC880357CD}
	EndGlobalSection
EndGlobal
